
Microsoft Visual Studio Solution File, Format Version 12.00
# Visual Studio Version 17
VisualStudioVersion = 17.5.002.0
MinimumVisualStudioVersion = 10.0.40219.1
Project("{2150E333-8FDC-42A3-9474-1A3956D46DE8}") = "csharp-prep", "csharp-prep", "{C3D835BB-F33D-444D-A314-3A94B3261DA4}"
EndProject
Project("{9A19103F-16F7-4668-BE54-9A1E7A4F7556}") = "Prep1", "csharp-prep\Prep1\Prep1.csproj", "{853D4BA7-B381-4C2C-9E4E-3965BDD31C39}"
EndProject
Project("{9A19103F-16F7-4668-BE54-9A1E7A4F7556}") = "Prep2", "csharp-prep\Prep2\Prep2.csproj", "{FB218D0D-9976-4B46-B389-5DA2ECA96440}"
EndProject
Project("{9A19103F-16F7-4668-BE54-9A1E7A4F7556}") = "Prep3", "csharp-prep\Prep3\Prep3.csproj", "{F4433D12-F7AD-483D-AAB4-692602C4BD81}"
EndProject
Project("{9A19103F-16F7-4668-BE54-9A1E7A4F7556}") = "Prep4", "csharp-prep\Prep4\Prep4.csproj", "{2A5CD6BA-8AAB-4D9D-99B2-A733FA188ACA}"
EndProject
Project("{9A19103F-16F7-4668-BE54-9A1E7A4F7556}") = "Prep5", "csharp-prep\Prep5\Prep5.csproj", "{836D8AD8-851F-4FD2-97C4-DF68413C943A}"
EndProject
Project("{2150E333-8FDC-42A3-9474-1A3956D46DE8}") = "final", "final", "{B4BE0477-0ABB-4BC6-A039-78292AB19D0B}"
EndProject
Project("{9A19103F-16F7-4668-BE54-9A1E7A4F7556}") = "FinalProject", "final\FinalProject\FinalProject.csproj", "{87BEB118-AA7B-4B90-87AB-85D5AAB72455}"
EndProject
Project("{9A19103F-16F7-4668-BE54-9A1E7A4F7556}") = "Foundation1", "final\Foundation1\Foundation1.csproj", "{D87257C4-2A70-45E0-8348-8B9EF80AC775}"
EndProject
Project("{9A19103F-16F7-4668-BE54-9A1E7A4F7556}") = "Foundation2", "final\Foundation2\Foundation2.csproj", "{5E2B40A4-481E-41E3-802B-C4A1B47876A2}"
EndProject
Project("{9A19103F-16F7-4668-BE54-9A1E7A4F7556}") = "Foundation3", "final\Foundation3\Foundation3.csproj", "{86C68434-9C3A-4D3C-8611-744D781C2788}"
EndProject
Project("{9A19103F-16F7-4668-BE54-9A1E7A4F7556}") = "Foundation4", "final\Foundation4\Foundation4.csproj", "{E1A8070E-48D5-4661-8832-170605A3A21C}"
EndProject
Project("{2150E333-8FDC-42A3-9474-1A3956D46DE8}") = "prepare", "prepare", "{BD12A785-85EF-43F4-89AA-72CD6DF996ED}"
EndProject
Project("{9A19103F-16F7-4668-BE54-9A1E7A4F7556}") = "Learning02", "prepare\Learning02\Learning02.csproj", "{9352F426-0E75-4195-BECB-C22C1511AB31}"
EndProject
Project("{9A19103F-16F7-4668-BE54-9A1E7A4F7556}") = "Learning03", "prepare\Learning03\Learning03.csproj", "{41E9DDD8-831D-411D-AF47-C803D9583401}"
EndProject
Project("{9A19103F-16F7-4668-BE54-9A1E7A4F7556}") = "Learning04", "prepare\Learning04\Learning04.csproj", "{DDA921DD-CE43-442F-A07B-9A0512DBF4AD}"
EndProject
Project("{9A19103F-16F7-4668-BE54-9A1E7A4F7556}") = "Learning05", "prepare\Learning05\Learning05.csproj", "{63BF2FC2-D539-4086-A5D1-4A6196D2BFA6}"
EndProject
Project("{2150E333-8FDC-42A3-9474-1A3956D46DE8}") = "prove", "prove", "{B954E981-8EBE-42FF-BB7A-ABE9BE07E241}"
EndProject
Project("{9A19103F-16F7-4668-BE54-9A1E7A4F7556}") = "Develop02", "prove\Develop02\Develop02.csproj", "{297D9592-6636-46CE-9C0D-9FA1DBFEB3C4}"
EndProject
Project("{9A19103F-16F7-4668-BE54-9A1E7A4F7556}") = "Develop03", "prove\Develop03\Develop03.csproj", "{9E61DCE2-B9C1-49F3-BBE0-0BBB77A79059}"
EndProject
Project("{9A19103F-16F7-4668-BE54-9A1E7A4F7556}") = "Develop04", "prove\Develop04\Develop04.csproj", "{3E7A1AFA-3611-4079-89BF-36F6EE5F8D6E}"
EndProject
Project("{9A19103F-16F7-4668-BE54-9A1E7A4F7556}") = "Develop05", "prove\Develop05\Develop05.csproj", "{18DEB150-09A9-4DC0-AA7D-D621BEF2879E}"
EndProject
Project("{2150E333-8FDC-42A3-9474-1A3956D46DE8}") = "sandbox", "sandbox", "{BE99D93F-D12C-4354-BA17-3C6152DE6323}"
EndProject
Project("{9A19103F-16F7-4668-BE54-9A1E7A4F7556}") = "Sandbox", "sandbox\Sandbox\Sandbox.csproj", "{C0ACCCF6-CC44-496E-AEA2-0C4412EDF064}"
EndProject
Global
	GlobalSection(SolutionConfigurationPlatforms) = preSolution
		Debug|Any CPU = Debug|Any CPU
		Release|Any CPU = Release|Any CPU
	EndGlobalSection
	GlobalSection(ProjectConfigurationPlatforms) = postSolution
		{853D4BA7-B381-4C2C-9E4E-3965BDD31C39}.Debug|Any CPU.ActiveCfg = Debug|Any CPU
		{853D4BA7-B381-4C2C-9E4E-3965BDD31C39}.Debug|Any CPU.Build.0 = Debug|Any CPU
		{853D4BA7-B381-4C2C-9E4E-3965BDD31C39}.Release|Any CPU.ActiveCfg = Release|Any CPU
		{853D4BA7-B381-4C2C-9E4E-3965BDD31C39}.Release|Any CPU.Build.0 = Release|Any CPU
		{FB218D0D-9976-4B46-B389-5DA2ECA96440}.Debug|Any CPU.ActiveCfg = Debug|Any CPU
		{FB218D0D-9976-4B46-B389-5DA2ECA96440}.Debug|Any CPU.Build.0 = Debug|Any CPU
		{FB218D0D-9976-4B46-B389-5DA2ECA96440}.Release|Any CPU.ActiveCfg = Release|Any CPU
		{FB218D0D-9976-4B46-B389-5DA2ECA96440}.Release|Any CPU.Build.0 = Release|Any CPU
		{F4433D12-F7AD-483D-AAB4-692602C4BD81}.Debug|Any CPU.ActiveCfg = Debug|Any CPU
		{F4433D12-F7AD-483D-AAB4-692602C4BD81}.Debug|Any CPU.Build.0 = Debug|Any CPU
		{F4433D12-F7AD-483D-AAB4-692602C4BD81}.Release|Any CPU.ActiveCfg = Release|Any CPU
		{F4433D12-F7AD-483D-AAB4-692602C4BD81}.Release|Any CPU.Build.0 = Release|Any CPU
		{2A5CD6BA-8AAB-4D9D-99B2-A733FA188ACA}.Debug|Any CPU.ActiveCfg = Debug|Any CPU
		{2A5CD6BA-8AAB-4D9D-99B2-A733FA188ACA}.Debug|Any CPU.Build.0 = Debug|Any CPU
		{2A5CD6BA-8AAB-4D9D-99B2-A733FA188ACA}.Release|Any CPU.ActiveCfg = Release|Any CPU
		{2A5CD6BA-8AAB-4D9D-99B2-A733FA188ACA}.Release|Any CPU.Build.0 = Release|Any CPU
		{836D8AD8-851F-4FD2-97C4-DF68413C943A}.Debug|Any CPU.ActiveCfg = Debug|Any CPU
		{836D8AD8-851F-4FD2-97C4-DF68413C943A}.Debug|Any CPU.Build.0 = Debug|Any CPU
		{836D8AD8-851F-4FD2-97C4-DF68413C943A}.Release|Any CPU.ActiveCfg = Release|Any CPU
		{836D8AD8-851F-4FD2-97C4-DF68413C943A}.Release|Any CPU.Build.0 = Release|Any CPU
		{87BEB118-AA7B-4B90-87AB-85D5AAB72455}.Debug|Any CPU.ActiveCfg = Debug|Any CPU
		{87BEB118-AA7B-4B90-87AB-85D5AAB72455}.Debug|Any CPU.Build.0 = Debug|Any CPU
		{87BEB118-AA7B-4B90-87AB-85D5AAB72455}.Release|Any CPU.ActiveCfg = Release|Any CPU
		{87BEB118-AA7B-4B90-87AB-85D5AAB72455}.Release|Any CPU.Build.0 = Release|Any CPU
		{D87257C4-2A70-45E0-8348-8B9EF80AC775}.Debug|Any CPU.ActiveCfg = Debug|Any CPU
		{D87257C4-2A70-45E0-8348-8B9EF80AC775}.Debug|Any CPU.Build.0 = Debug|Any CPU
		{D87257C4-2A70-45E0-8348-8B9EF80AC775}.Release|Any CPU.ActiveCfg = Release|Any CPU
		{D87257C4-2A70-45E0-8348-8B9EF80AC775}.Release|Any CPU.Build.0 = Release|Any CPU
		{5E2B40A4-481E-41E3-802B-C4A1B47876A2}.Debug|Any CPU.ActiveCfg = Debug|Any CPU
		{5E2B40A4-481E-41E3-802B-C4A1B47876A2}.Debug|Any CPU.Build.0 = Debug|Any CPU
		{5E2B40A4-481E-41E3-802B-C4A1B47876A2}.Release|Any CPU.ActiveCfg = Release|Any CPU
		{5E2B40A4-481E-41E3-802B-C4A1B47876A2}.Release|Any CPU.Build.0 = Release|Any CPU
		{86C68434-9C3A-4D3C-8611-744D781C2788}.Debug|Any CPU.ActiveCfg = Debug|Any CPU
		{86C68434-9C3A-4D3C-8611-744D781C2788}.Debug|Any CPU.Build.0 = Debug|Any CPU
		{86C68434-9C3A-4D3C-8611-744D781C2788}.Release|Any CPU.ActiveCfg = Release|Any CPU
		{86C68434-9C3A-4D3C-8611-744D781C2788}.Release|Any CPU.Build.0 = Release|Any CPU
		{E1A8070E-48D5-4661-8832-170605A3A21C}.Debug|Any CPU.ActiveCfg = Debug|Any CPU
		{E1A8070E-48D5-4661-8832-170605A3A21C}.Debug|Any CPU.Build.0 = Debug|Any CPU
		{E1A8070E-48D5-4661-8832-170605A3A21C}.Release|Any CPU.ActiveCfg = Release|Any CPU
		{E1A8070E-48D5-4661-8832-170605A3A21C}.Release|Any CPU.Build.0 = Release|Any CPU
		{9352F426-0E75-4195-BECB-C22C1511AB31}.Debug|Any CPU.ActiveCfg = Debug|Any CPU
		{9352F426-0E75-4195-BECB-C22C1511AB31}.Debug|Any CPU.Build.0 = Debug|Any CPU
		{9352F426-0E75-4195-BECB-C22C1511AB31}.Release|Any CPU.ActiveCfg = Release|Any CPU
		{9352F426-0E75-4195-BECB-C22C1511AB31}.Release|Any CPU.Build.0 = Release|Any CPU
		{41E9DDD8-831D-411D-AF47-C803D9583401}.Debug|Any CPU.ActiveCfg = Debug|Any CPU
		{41E9DDD8-831D-411D-AF47-C803D9583401}.Debug|Any CPU.Build.0 = Debug|Any CPU
		{41E9DDD8-831D-411D-AF47-C803D9583401}.Release|Any CPU.ActiveCfg = Release|Any CPU
		{41E9DDD8-831D-411D-AF47-C803D9583401}.Release|Any CPU.Build.0 = Release|Any CPU
		{DDA921DD-CE43-442F-A07B-9A0512DBF4AD}.Debug|Any CPU.ActiveCfg = Debug|Any CPU
		{DDA921DD-CE43-442F-A07B-9A0512DBF4AD}.Debug|Any CPU.Build.0 = Debug|Any CPU
		{DDA921DD-CE43-442F-A07B-9A0512DBF4AD}.Release|Any CPU.ActiveCfg = Release|Any CPU
		{DDA921DD-CE43-442F-A07B-9A0512DBF4AD}.Release|Any CPU.Build.0 = Release|Any CPU
		{63BF2FC2-D539-4086-A5D1-4A6196D2BFA6}.Debug|Any CPU.ActiveCfg = Debug|Any CPU
		{63BF2FC2-D539-4086-A5D1-4A6196D2BFA6}.Debug|Any CPU.Build.0 = Debug|Any CPU
		{63BF2FC2-D539-4086-A5D1-4A6196D2BFA6}.Release|Any CPU.ActiveCfg = Release|Any CPU
		{63BF2FC2-D539-4086-A5D1-4A6196D2BFA6}.Release|Any CPU.Build.0 = Release|Any CPU
		{297D9592-6636-46CE-9C0D-9FA1DBFEB3C4}.Debug|Any CPU.ActiveCfg = Debug|Any CPU
		{297D9592-6636-46CE-9C0D-9FA1DBFEB3C4}.Debug|Any CPU.Build.0 = Debug|Any CPU
		{297D9592-6636-46CE-9C0D-9FA1DBFEB3C4}.Release|Any CPU.ActiveCfg = Release|Any CPU
		{297D9592-6636-46CE-9C0D-9FA1DBFEB3C4}.Release|Any CPU.Build.0 = Release|Any CPU
		{9E61DCE2-B9C1-49F3-BBE0-0BBB77A79059}.Debug|Any CPU.ActiveCfg = Debug|Any CPU
		{9E61DCE2-B9C1-49F3-BBE0-0BBB77A79059}.Debug|Any CPU.Build.0 = Debug|Any CPU
		{9E61DCE2-B9C1-49F3-BBE0-0BBB77A79059}.Release|Any CPU.ActiveCfg = Release|Any CPU
		{9E61DCE2-B9C1-49F3-BBE0-0BBB77A79059}.Release|Any CPU.Build.0 = Release|Any CPU
		{3E7A1AFA-3611-4079-89BF-36F6EE5F8D6E}.Debug|Any CPU.ActiveCfg = Debug|Any CPU
		{3E7A1AFA-3611-4079-89BF-36F6EE5F8D6E}.Debug|Any CPU.Build.0 = Debug|Any CPU
		{3E7A1AFA-3611-4079-89BF-36F6EE5F8D6E}.Release|Any CPU.ActiveCfg = Release|Any CPU
		{3E7A1AFA-3611-4079-89BF-36F6EE5F8D6E}.Release|Any CPU.Build.0 = Release|Any CPU
		{18DEB150-09A9-4DC0-AA7D-D621BEF2879E}.Debug|Any CPU.ActiveCfg = Debug|Any CPU
		{18DEB150-09A9-4DC0-AA7D-D621BEF2879E}.Debug|Any CPU.Build.0 = Debug|Any CPU
		{18DEB150-09A9-4DC0-AA7D-D621BEF2879E}.Release|Any CPU.ActiveCfg = Release|Any CPU
		{18DEB150-09A9-4DC0-AA7D-D621BEF2879E}.Release|Any CPU.Build.0 = Release|Any CPU
		{C0ACCCF6-CC44-496E-AEA2-0C4412EDF064}.Debug|Any CPU.ActiveCfg = Debug|Any CPU
		{C0ACCCF6-CC44-496E-AEA2-0C4412EDF064}.Debug|Any CPU.Build.0 = Debug|Any CPU
		{C0ACCCF6-CC44-496E-AEA2-0C4412EDF064}.Release|Any CPU.ActiveCfg = Release|Any CPU
		{C0ACCCF6-CC44-496E-AEA2-0C4412EDF064}.Release|Any CPU.Build.0 = Release|Any CPU
	EndGlobalSection
	GlobalSection(SolutionProperties) = preSolution
		HideSolutionNode = FALSE
	EndGlobalSection
	GlobalSection(NestedProjects) = preSolution
		{853D4BA7-B381-4C2C-9E4E-3965BDD31C39} = {C3D835BB-F33D-444D-A314-3A94B3261DA4}
		{FB218D0D-9976-4B46-B389-5DA2ECA96440} = {C3D835BB-F33D-444D-A314-3A94B3261DA4}
		{F4433D12-F7AD-483D-AAB4-692602C4BD81} = {C3D835BB-F33D-444D-A314-3A94B3261DA4}
		{2A5CD6BA-8AAB-4D9D-99B2-A733FA188ACA} = {C3D835BB-F33D-444D-A314-3A94B3261DA4}
		{836D8AD8-851F-4FD2-97C4-DF68413C943A} = {C3D835BB-F33D-444D-A314-3A94B3261DA4}
		{87BEB118-AA7B-4B90-87AB-85D5AAB72455} = {B4BE0477-0ABB-4BC6-A039-78292AB19D0B}
		{D87257C4-2A70-45E0-8348-8B9EF80AC775} = {B4BE0477-0ABB-4BC6-A039-78292AB19D0B}
		{5E2B40A4-481E-41E3-802B-C4A1B47876A2} = {B4BE0477-0ABB-4BC6-A039-78292AB19D0B}
		{86C68434-9C3A-4D3C-8611-744D781C2788} = {B4BE0477-0ABB-4BC6-A039-78292AB19D0B}
		{E1A8070E-48D5-4661-8832-170605A3A21C} = {B4BE0477-0ABB-4BC6-A039-78292AB19D0B}
		{9352F426-0E75-4195-BECB-C22C1511AB31} = {BD12A785-85EF-43F4-89AA-72CD6DF996ED}
		{41E9DDD8-831D-411D-AF47-C803D9583401} = {BD12A785-85EF-43F4-89AA-72CD6DF996ED}
		{DDA921DD-CE43-442F-A07B-9A0512DBF4AD} = {BD12A785-85EF-43F4-89AA-72CD6DF996ED}
		{63BF2FC2-D539-4086-A5D1-4A6196D2BFA6} = {BD12A785-85EF-43F4-89AA-72CD6DF996ED}
		{297D9592-6636-46CE-9C0D-9FA1DBFEB3C4} = {B954E981-8EBE-42FF-BB7A-ABE9BE07E241}
		{9E61DCE2-B9C1-49F3-BBE0-0BBB77A79059} = {B954E981-8EBE-42FF-BB7A-ABE9BE07E241}
		{3E7A1AFA-3611-4079-89BF-36F6EE5F8D6E} = {B954E981-8EBE-42FF-BB7A-ABE9BE07E241}
		{18DEB150-09A9-4DC0-AA7D-D621BEF2879E} = {B954E981-8EBE-42FF-BB7A-ABE9BE07E241}
		{C0ACCCF6-CC44-496E-AEA2-0C4412EDF064} = {BE99D93F-D12C-4354-BA17-3C6152DE6323}
	EndGlobalSection
	GlobalSection(ExtensibilityGlobals) = postSolution
		SolutionGuid = {C219B276-E62A-4DFE-A375-BE673AE27969}
	EndGlobalSection
EndGlobal
